
Microsoft Visual Studio Solution File, Format Version 12.00
# Visual Studio 2013
VisualStudioVersion = 12.0.30501.0
MinimumVisualStudioVersion = 10.0.40219.1
Project("{F184B08F-C81C-45F6-A57F-5ABD9991F28F}") = "ParkingPOS", "projTuneHotel\ParkingPOS.vbproj", "{72D6AD89-C341-4287-BCB4-B4A1FCA75736}"
EndProject
Project("{F184B08F-C81C-45F6-A57F-5ABD9991F28F}") = "ParkingPMS", "ParkingPMS\ParkingPMS.vbproj", "{89DD3227-4F28-4D7F-928B-B60A65784B21}"
EndProject
Global
	GlobalSection(SolutionConfigurationPlatforms) = preSolution
		Debug|Any CPU = Debug|Any CPU
		Release|Any CPU = Release|Any CPU
	EndGlobalSection
	GlobalSection(ProjectConfigurationPlatforms) = postSolution
		{72D6AD89-C341-4287-BCB4-B4A1FCA75736}.Debug|Any CPU.ActiveCfg = Debug|Any CPU
		{72D6AD89-C341-4287-BCB4-B4A1FCA75736}.Debug|Any CPU.Build.0 = Debug|Any CPU
		{72D6AD89-C341-4287-BCB4-B4A1FCA75736}.Release|Any CPU.ActiveCfg = Release|Any CPU
		{72D6AD89-C341-4287-BCB4-B4A1FCA75736}.Release|Any CPU.Build.0 = Release|Any CPU
		{89DD3227-4F28-4D7F-928B-B60A65784B21}.Debug|Any CPU.ActiveCfg = Debug|Any CPU
		{89DD3227-4F28-4D7F-928B-B60A65784B21}.Debug|Any CPU.Build.0 = Debug|Any CPU
		{89DD3227-4F28-4D7F-928B-B60A65784B21}.Release|Any CPU.ActiveCfg = Release|Any CPU
		{89DD3227-4F28-4D7F-928B-B60A65784B21}.Release|Any CPU.Build.0 = Release|Any CPU
	EndGlobalSection
	GlobalSection(SolutionProperties) = preSolution
		HideSolutionNode = FALSE
	EndGlobalSection
EndGlobal
